
Microsoft Visual Studio Solution File, Format Version 12.00
# Visual Studio Version 17
VisualStudioVersion = 17.13.35913.81
MinimumVisualStudioVersion = 10.0.40219.1
Project("{FAE04EC0-301F-11D3-BF4B-00C04F79EFBC}") = "WebAppCoreProduct", "WebAppCoreProduct\WebAppCoreProduct.csproj", "{3CD59808-6525-48E1-9893-B08DF4192F61}"
EndProject
Global
	GlobalSection(SolutionConfigurationPlatforms) = preSolution
		Debug|Any CPU = Debug|Any CPU
		Release|Any CPU = Release|Any CPU
	EndGlobalSection
	GlobalSection(ProjectConfigurationPlatforms) = postSolution
		{3CD59808-6525-48E1-9893-B08DF4192F61}.Debug|Any CPU.ActiveCfg = Debug|Any CPU
		{3CD59808-6525-48E1-9893-B08DF4192F61}.Debug|Any CPU.Build.0 = Debug|Any CPU
		{3CD59808-6525-48E1-9893-B08DF4192F61}.Release|Any CPU.ActiveCfg = Release|Any CPU
		{3CD59808-6525-48E1-9893-B08DF4192F61}.Release|Any CPU.Build.0 = Release|Any CPU
	EndGlobalSection
	GlobalSection(SolutionProperties) = preSolution
		HideSolutionNode = FALSE
	EndGlobalSection
	GlobalSection(ExtensibilityGlobals) = postSolution
		SolutionGuid = {9B44ADA3-D285-43CB-B93F-82DAE7EEEE01}
	EndGlobalSection
EndGlobal
